Microsoft Visual Studio Solution File, Format Version 11.00
# Visual Studio 2008

Project("{5A123467-B597-5804-5F01-49B64C5A8BDE}") = "KeepLearning", "Assembly-CSharp.csproj", "{983D7ECA-B5D1-D4B1-16F8-75CA01A26F26}"
EndProject
Global
	GlobalSection(SolutionConfigurationPlatforms) = preSolution
		Debug|Any CPU = Debug|Any CPU
		Release|Any CPU = Release|Any CPU
	EndGlobalSection
	GlobalSection(ProjectConfigurationPlatforms) = postSolution
		{983D7ECA-B5D1-D4B1-16F8-75CA01A26F26}.Debug|Any CPU.ActiveCfg = Debug|Any CPU
		{983D7ECA-B5D1-D4B1-16F8-75CA01A26F26}.Debug|Any CPU.Build.0 = Debug|Any CPU
		{983D7ECA-B5D1-D4B1-16F8-75CA01A26F26}.Release|Any CPU.ActiveCfg = Release|Any CPU
		{983D7ECA-B5D1-D4B1-16F8-75CA01A26F26}.Release|Any CPU.Build.0 = Release|Any CPU
	EndGlobalSection
	GlobalSection(SolutionProperties) = preSolution
		HideSolutionNode = FALSE
	EndGlobalSection
	GlobalSection(MonoDevelopProperties) = preSolution
		StartupItem = Assembly-CSharp.csproj
	EndGlobalSection
EndGlobal
